
Microsoft Visual Studio Solution File, Format Version 12.00
# Visual Studio Version 16
VisualStudioVersion = 16.0.31205.134
MinimumVisualStudioVersion = 10.0.40219.1
Project("{FAE04EC0-301F-11D3-BF4B-00C04F79EFBC}") = "Meksefe.com-Zirve-Entegrator", "Meksefe.com-Zirve-Entegrator.csproj", "{319B4F3B-77AC-4453-BA19-9BE8DEBCB325}"
EndProject
Global
	GlobalSection(SolutionConfigurationPlatforms) = preSolution
		Debug|Any CPU = Debug|Any CPU
		Release|Any CPU = Release|Any CPU
	EndGlobalSection
	GlobalSection(ProjectConfigurationPlatforms) = postSolution
		{319B4F3B-77AC-4453-BA19-9BE8DEBCB325}.Debug|Any CPU.ActiveCfg = Debug|Any CPU
		{319B4F3B-77AC-4453-BA19-9BE8DEBCB325}.Debug|Any CPU.Build.0 = Debug|Any CPU
		{319B4F3B-77AC-4453-BA19-9BE8DEBCB325}.Release|Any CPU.ActiveCfg = Release|Any CPU
		{319B4F3B-77AC-4453-BA19-9BE8DEBCB325}.Release|Any CPU.Build.0 = Release|Any CPU
	EndGlobalSection
	GlobalSection(SolutionProperties) = preSolution
		HideSolutionNode = FALSE
	EndGlobalSection
	GlobalSection(ExtensibilityGlobals) = postSolution
		SolutionGuid = {F16A565D-77AB-4F0C-8746-14E39C0B52A6}
	EndGlobalSection
EndGlobal
